<?xml version="1.0" encoding="utf-8"?>
<Project ToolsVersion="4.0" xmlns="http://schemas.microsoft.com/developer/msbuild/2003">
  <ItemGroup>
    <Filter Include="Source Files">
      <UniqueIdentifier>{4FC737F1-C7A5-4376-A066-2A32D752A2FF}</UniqueIdentifier>
      <Extensions>cpp;c;cc;cxx;c++;def;odl;idl;hpj;bat;asm;asmx</Extensions>
    </Filter>
    <Filter Include="Header Files">
      <UniqueIdentifier>{93995380-89BD-4b04-88EB-625FBE52EBFB}</UniqueIdentifier>
      <Extensions>h;hh;hpp;hxx;h++;hm;inl;inc;ipp;xsd</Extensions>
    </Filter>
  </ItemGroup>
  <ItemGroup>
    <ClInclude Include="pch.h">
      <Filter>Header Files</Filter>
    </ClInclude>
    <ClInclude Include="ffmpeg.h">
      <Filter>Header Files</Filter>
    </ClInclude>
    <ClInclude Include="ffmpeg_fwd.h">
      <Filter>Header Files</Filter>
    </ClInclude>
    <ClInclude Include="FormatHolder.h">
      <Filter>Header Files</Filter>
    </ClInclude>
    <ClInclude Include="MediaTypeHolder.h">
      <Filter>Header Files</Filter>
    </ClInclude>
    <ClInclude Include="NonCopyable.h">
      <Filter>Header Files</Filter>
    </ClInclude>
    <ClInclude Include="Misc.h">
      <Filter>Header Files</Filter>
    </ClInclude>
    <ClInclude Include="Logger.h">
      <Filter>Header Files</Filter>
    </ClInclude>
    <ClInclude Include="CodecBase.h">
      <Filter>Header Files</Filter>
    </ClInclude>
    <ClInclude Include="DictTools.h">
      <Filter>Header Files</Filter>
    </ClInclude>
    <ClInclude Include="CodecDec.h">
      <Filter>Header Files</Filter>
    </ClInclude>
    <ClInclude Include="FrameTools.h">
      <Filter>Header Files</Filter>
    </ClInclude>
    <ClInclude Include="CodecTools.h">
      <Filter>Header Files</Filter>
    </ClInclude>
    <ClInclude Include="CodecDecGpu.h">
      <Filter>Header Files</Filter>
    </ClInclude>
    <ClInclude Include="PacketTools.h">
      <Filter>Header Files</Filter>
    </ClInclude>
    <ClInclude Include="StreamBase.h">
      <Filter>Header Files</Filter>
    </ClInclude>
    <ClInclude Include="CodecDecHW.h">
      <Filter>Header Files</Filter>
    </ClInclude>
    <ClInclude Include="StreamReader.h">
      <Filter>Header Files</Filter>
    </ClInclude>
    <ClInclude Include="StreamTime.h">
      <Filter>Header Files</Filter>
    </ClInclude>
    <ClInclude Include="TimestampCalc.h">
      <Filter>Header Files</Filter>
    </ClInclude>
    <ClInclude Include="VectorPtr.h">
      <Filter>Header Files</Filter>
    </ClInclude>
    <ClInclude Include="Filter.h">
      <Filter>Header Files</Filter>
    </ClInclude>
    <ClInclude Include="FilterTools.h">
      <Filter>Header Files</Filter>
    </ClInclude>
    <ClInclude Include="FilterGraph.h">
      <Filter>Header Files</Filter>
    </ClInclude>
    <ClInclude Include="FrameConvAudio.h">
      <Filter>Header Files</Filter>
    </ClInclude>
    <ClInclude Include="FrameConvVideo.h">
      <Filter>Header Files</Filter>
    </ClInclude>
    <ClInclude Include="FrameHub.h">
      <Filter>Header Files</Filter>
    </ClInclude>
    <ClInclude Include="FramePool.h">
      <Filter>Header Files</Filter>
    </ClInclude>
    <ClInclude Include="FramePoolItem.h">
      <Filter>Header Files</Filter>
    </ClInclude>
    <ClInclude Include="FrameProcIface.h">
      <Filter>Header Files</Filter>
    </ClInclude>
    <ClInclude Include="CodecEnc.h">
      <Filter>Header Files</Filter>
    </ClInclude>
    <ClInclude Include="MetadataHolder.h">
      <Filter>Header Files</Filter>
    </ClInclude>
    <ClInclude Include="DeviceList.h">
      <Filter>Header Files</Filter>
    </ClInclude>
    <ClInclude Include="Version.h">
      <Filter>Header Files</Filter>
    </ClInclude>
    <ClInclude Include="StreamListBase.h">
      <Filter>Header Files</Filter>
    </ClInclude>
    <ClInclude Include="StreamListR.h">
      <Filter>Header Files</Filter>
    </ClInclude>
    <ClInclude Include="StreamListW.h">
      <Filter>Header Files</Filter>
    </ClInclude>
    <ClInclude Include="DemuxBase.h">
      <Filter>Header Files</Filter>
    </ClInclude>
    <ClInclude Include="Demuxer.h">
      <Filter>Header Files</Filter>
    </ClInclude>
    <ClInclude Include="StreamWriter.h">
      <Filter>Header Files</Filter>
    </ClInclude>
    <ClInclude Include="Muxer.h">
      <Filter>Header Files</Filter>
    </ClInclude>
    <ClInclude Include="MuxBase.h">
      <Filter>Header Files</Filter>
    </ClInclude>
    <ClInclude Include="CommonConsts.h">
      <Filter>Header Files</Filter>
    </ClInclude>
    <ClInclude Include="StreamInfo.h">
      <Filter>Header Files</Filter>
    </ClInclude>
    <ClInclude Include="MultiString.h">
      <Filter>Header Files</Filter>
    </ClInclude>
    <ClInclude Include="OptionTools.h">
      <Filter>Header Files</Filter>
    </ClInclude>
    <ClInclude Include="CodecDecIface.h">
      <Filter>Header Files</Filter>
    </ClInclude>
    <ClInclude Include="FrameDataIface.h">
      <Filter>Header Files</Filter>
    </ClInclude>
    <ClInclude Include="FrameBackup.h">
      <Filter>Header Files</Filter>
    </ClInclude>
    <ClInclude Include="FrameQueueEx.h">
      <Filter>Header Files</Filter>
    </ClInclude>
    <ClInclude Include="FrameHubTools.h">
      <Filter>Header Files</Filter>
    </ClInclude>
    <ClInclude Include="MetadataTools.h">
      <Filter>Header Files</Filter>
    </ClInclude>
    <ClInclude Include="SubtitDump.h">
      <Filter>Header Files</Filter>
    </ClInclude>
    <ClInclude Include="FrameConv.h">
      <Filter>Header Files</Filter>
    </ClInclude>
    <ClInclude Include="ChannLayout.h">
      <Filter>Header Files</Filter>
    </ClInclude>
    <ClInclude Include="CodecDecDef.h">
      <Filter>Header Files</Filter>
    </ClInclude>
    <ClInclude Include="CodecDecParams.h">
      <Filter>Header Files</Filter>
    </ClInclude>
    <ClInclude Include="StrBuilder.h">
      <Filter>Header Files</Filter>
    </ClInclude>
    <ClInclude Include="SeekCtrl.h">
      <Filter>Header Files</Filter>
    </ClInclude>
  </ItemGroup>
  <ItemGroup>
    <ClCompile Include="pch.cpp">
      <Filter>Source Files</Filter>
    </ClCompile>
    <ClCompile Include="ffmpeg.cpp">
      <Filter>Source Files</Filter>
    </ClCompile>
    <ClCompile Include="FormatHolder.cpp">
      <Filter>Source Files</Filter>
    </ClCompile>
    <ClCompile Include="MediaTypeHolder.cpp">
      <Filter>Source Files</Filter>
    </ClCompile>
    <ClCompile Include="Misc.cpp">
      <Filter>Source Files</Filter>
    </ClCompile>
    <ClCompile Include="Logger.cpp">
      <Filter>Source Files</Filter>
    </ClCompile>
    <ClCompile Include="CodecBase.cpp">
      <Filter>Source Files</Filter>
    </ClCompile>
    <ClCompile Include="DictTools.cpp">
      <Filter>Source Files</Filter>
    </ClCompile>
    <ClCompile Include="CodecDecExt.cpp">
      <Filter>Source Files</Filter>
    </ClCompile>
    <ClCompile Include="CodecDec.cpp">
      <Filter>Source Files</Filter>
    </ClCompile>
    <ClCompile Include="FrameTools.cpp">
      <Filter>Source Files</Filter>
    </ClCompile>
    <ClCompile Include="CodecTools.cpp">
      <Filter>Source Files</Filter>
    </ClCompile>
    <ClCompile Include="CodecDecGpu.cpp">
      <Filter>Source Files</Filter>
    </ClCompile>
    <ClCompile Include="StreamBase.cpp">
      <Filter>Source Files</Filter>
    </ClCompile>
    <ClCompile Include="CodecDecHW.cpp">
      <Filter>Source Files</Filter>
    </ClCompile>
    <ClCompile Include="StreamReader.cpp">
      <Filter>Source Files</Filter>
    </ClCompile>
    <ClCompile Include="StreamTime.cpp">
      <Filter>Source Files</Filter>
    </ClCompile>
    <ClCompile Include="TimestampCalc.cpp">
      <Filter>Source Files</Filter>
    </ClCompile>
    <ClCompile Include="Filter.cpp">
      <Filter>Source Files</Filter>
    </ClCompile>
    <ClCompile Include="FilterTools.cpp">
      <Filter>Source Files</Filter>
    </ClCompile>
    <ClCompile Include="FilterGraph.cpp">
      <Filter>Source Files</Filter>
    </ClCompile>
    <ClCompile Include="FrameConvAudio.cpp">
      <Filter>Source Files</Filter>
    </ClCompile>
    <ClCompile Include="FrameConvVideo.cpp">
      <Filter>Source Files</Filter>
    </ClCompile>
    <ClCompile Include="FrameHub.cpp">
      <Filter>Source Files</Filter>
    </ClCompile>
    <ClCompile Include="FramePool.cpp">
      <Filter>Source Files</Filter>
    </ClCompile>
    <ClCompile Include="FramePoolItem.cpp">
      <Filter>Source Files</Filter>
    </ClCompile>
    <ClCompile Include="CodecEnc.cpp">
      <Filter>Source Files</Filter>
    </ClCompile>
    <ClCompile Include="MetadataHolder.cpp">
      <Filter>Source Files</Filter>
    </ClCompile>
    <ClCompile Include="DeviceList.cpp">
      <Filter>Source Files</Filter>
    </ClCompile>
    <ClCompile Include="Version.cpp">
      <Filter>Source Files</Filter>
    </ClCompile>
    <ClCompile Include="DemuxBase.cpp">
      <Filter>Source Files</Filter>
    </ClCompile>
    <ClCompile Include="Demuxer.cpp">
      <Filter>Source Files</Filter>
    </ClCompile>
    <ClCompile Include="Demuxer_pump.cpp">
      <Filter>Source Files</Filter>
    </ClCompile>
    <ClCompile Include="Demuxer_seek.cpp">
      <Filter>Source Files</Filter>
    </ClCompile>
    <ClCompile Include="StreamWriter.cpp">
      <Filter>Source Files</Filter>
    </ClCompile>
    <ClCompile Include="Muxer.cpp">
      <Filter>Source Files</Filter>
    </ClCompile>
    <ClCompile Include="MuxBase.cpp">
      <Filter>Source Files</Filter>
    </ClCompile>
    <ClCompile Include="StreamReader_conn.cpp">
      <Filter>Source Files</Filter>
    </ClCompile>
    <ClCompile Include="StreamReader_decod.cpp">
      <Filter>Source Files</Filter>
    </ClCompile>
    <ClCompile Include="MultiString.cpp">
      <Filter>Source Files</Filter>
    </ClCompile>
    <ClCompile Include="OptionTools.cpp">
      <Filter>Source Files</Filter>
    </ClCompile>
    <ClCompile Include="FrameBackup.cpp">
      <Filter>Source Files</Filter>
    </ClCompile>
    <ClCompile Include="FrameQueueEx.cpp">
      <Filter>Source Files</Filter>
    </ClCompile>
    <ClCompile Include="FrameHubTools.cpp">
      <Filter>Source Files</Filter>
    </ClCompile>
    <ClCompile Include="SubtitDump.cpp">
      <Filter>Source Files</Filter>
    </ClCompile>
    <ClCompile Include="FrameConv.cpp">
      <Filter>Source Files</Filter>
    </ClCompile>
    <ClCompile Include="ChannLayout.cpp">
      <Filter>Source Files</Filter>
    </ClCompile>
    <ClCompile Include="CodecDecDef.cpp">
      <Filter>Source Files</Filter>
    </ClCompile>
    <ClCompile Include="CodecDecParams.cpp">
      <Filter>Source Files</Filter>
    </ClCompile>
    <ClCompile Include="SeekCtrl.cpp">
      <Filter>Source Files</Filter>
    </ClCompile>
    <ClCompile Include="StrBuilder.cpp">
      <Filter>Source Files</Filter>
    </ClCompile>
  </ItemGroup>
</Project>