
Microsoft Visual Studio Solution File, Format Version 12.00
# Visual Studio Version 17
VisualStudioVersion = 17.6.33723.286
MinimumVisualStudioVersion = 10.0.40219.1
Project("{8BC9CEB8-8B4A-11D0-8D11-00A0C91BC942}") = "FFmpegWrapper", "FFmpegCpp\FFmpegWrapper\FFmpegWrapper.vcxproj", "{DF9EDDCF-19E1-4575-B67B-6E6C61EBBB54}"
	ProjectSection(ProjectDependencies) = postProject
		{60797A41-CFB9-495F-AC0D-4A7B3AB75B5D} = {60797A41-CFB9-495F-AC0D-4A7B3AB75B5D}
		{6DE6A69D-D61B-4CED-8DEF-6E6B0389B179} = {6DE6A69D-D61B-4CED-8DEF-6E6B0389B179}
		{9065017A-E363-4842-981A-DB45A010EB7A} = {9065017A-E363-4842-981A-DB45A010EB7A}
		{BC95DDE2-3446-4325-B036-B52CE7638D84} = {BC95DDE2-3446-4325-B036-B52CE7638D84}
	EndProjectSection
EndProject
Project("{8BC9CEB8-8B4A-11D0-8D11-00A0C91BC942}") = "FFmpegAppLib", "FFmpegCpp\FFmpegAppLib\FFmpegAppLib.vcxproj", "{6DE6A69D-D61B-4CED-8DEF-6E6B0389B179}"
	ProjectSection(ProjectDependencies) = postProject
		{60797A41-CFB9-495F-AC0D-4A7B3AB75B5D} = {60797A41-CFB9-495F-AC0D-4A7B3AB75B5D}
		{BC95DDE2-3446-4325-B036-B52CE7638D84} = {BC95DDE2-3446-4325-B036-B52CE7638D84}
	EndProjectSection
EndProject
Project("{2150E333-8FDC-42A3-9474-1A3956D46DE8}") = "FFmpegCpp", "FFmpegCpp", "{19CD7B2C-6A3B-43EC-ABE2-7E25DF9981CC}"
EndProject
Project("{2150E333-8FDC-42A3-9474-1A3956D46DE8}") = "FFmpegNet", "FFmpegNet", "{3C135957-C818-4509-9715-72B7C53FF125}"
EndProject
Project("{8BC9CEB8-8B4A-11D0-8D11-00A0C91BC942}") = "FFmpegInterop", "FFmpegNet\FFmpegInterop\FFmpegInterop.vcxproj", "{FCFC0B9E-24A1-4397-A029-3F61310644F0}"
EndProject
Project("{FAE04EC0-301F-11D3-BF4B-00C04F79EFBC}") = "RendVideo", "FFmpegNet\RendVideo\RendVideo.csproj", "{741C08B6-E658-4A53-917D-C7934A1DBFDC}"
EndProject
Project("{FAE04EC0-301F-11D3-BF4B-00C04F79EFBC}") = "FFmpegNetPlayer", "FFmpegNet\FFmpegNetPlayer\FFmpegNetPlayer.csproj", "{3D910174-A8E9-45B2-B623-5B037D073EBD}"
EndProject
Project("{8BC9CEB8-8B4A-11D0-8D11-00A0C91BC942}") = "AudioRendLib", "AudioRend\AudioRendLib\AudioRendLib.vcxproj", "{BD8772FE-B769-4B08-86EC-8EE22A6C81D0}"
EndProject
Project("{2150E333-8FDC-42A3-9474-1A3956D46DE8}") = "AudioRenderer", "AudioRenderer", "{FA46FC8C-5B10-4798-9FCA-2910AF1994EE}"
EndProject
Project("{8BC9CEB8-8B4A-11D0-8D11-00A0C91BC942}") = "RendVideoInterop", "FFmpegNet\RendVideoInterop\RendVideoInterop.vcxproj", "{3041D161-96D7-4C10-B567-99A30DADC635}"
EndProject
Project("{8BC9CEB8-8B4A-11D0-8D11-00A0C91BC942}") = "AudioRend", "AudioRend\AudioRend\AudioRend.vcxproj", "{52A0D4D2-BC14-4725-B05A-43FD3EB89FC8}"
	ProjectSection(ProjectDependencies) = postProject
		{BD8772FE-B769-4B08-86EC-8EE22A6C81D0} = {BD8772FE-B769-4B08-86EC-8EE22A6C81D0}
	EndProjectSection
EndProject
Project("{8BC9CEB8-8B4A-11D0-8D11-00A0C91BC942}") = "AudioRendInterop", "AudioRend\AudioRendInterop\AudioRendInterop.vcxproj", "{DF2E2CF5-B515-444F-9A8F-468467052108}"
	ProjectSection(ProjectDependencies) = postProject
		{BD8772FE-B769-4B08-86EC-8EE22A6C81D0} = {BD8772FE-B769-4B08-86EC-8EE22A6C81D0}
	EndProjectSection
EndProject
Project("{FAE04EC0-301F-11D3-BF4B-00C04F79EFBC}") = "FFmpegNetTranscoder", "FFmpegNet\FFmpegNetTranscoder\FFmpegNetTranscoder.csproj", "{D2296C3B-C043-4EBE-AECE-263DCC12B2CA}"
EndProject
Project("{FAE04EC0-301F-11D3-BF4B-00C04F79EFBC}") = "AppTools", "FFmpegNetApps\AppTools\AppTools.csproj", "{F6162E4A-A368-4A23-85A0-3CA1E24FF32D}"
EndProject
Project("{FAE04EC0-301F-11D3-BF4B-00C04F79EFBC}") = "CsLogger", "FFmpegNetApps\CsLogger\CsLogger.csproj", "{9F43B5FE-2868-4CCD-817F-B4B89A92A636}"
EndProject
Project("{FAE04EC0-301F-11D3-BF4B-00C04F79EFBC}") = "Explorer", "FFmpegNetApps\Explorer\Explorer.csproj", "{C43B02D0-DDED-4F5F-8D8F-BEA8D817161A}"
EndProject
Project("{FAE04EC0-301F-11D3-BF4B-00C04F79EFBC}") = "Player", "FFmpegNetApps\Player\Player.csproj", "{FA2DADB9-00AA-4CF1-8DB7-70D01EED20BF}"
EndProject
Project("{FAE04EC0-301F-11D3-BF4B-00C04F79EFBC}") = "Transcoder", "FFmpegNetApps\Transcoder\Transcoder.csproj", "{E0E18549-B83F-4BF8-B46F-6C43DF817721}"
EndProject
Project("{2150E333-8FDC-42A3-9474-1A3956D46DE8}") = "Solution Items", "Solution Items", "{9ED9D27B-FFA8-44E5-B6FD-8D450C50359F}"
	ProjectSection(SolutionItems) = preProject
		..\README.md = ..\README.md
	EndProjectSection
EndProject
Project("{FAE04EC0-301F-11D3-BF4B-00C04F79EFBC}") = "FFmpegNetMediaSource", "FFmpegNet\FFmpegNetMediaSource\FFmpegNetMediaSource.csproj", "{E3C5D445-D6AF-4E4A-AF9E-E14C819B83A5}"
EndProject
Project("{FAE04EC0-301F-11D3-BF4B-00C04F79EFBC}") = "FFmpegNetAux", "FFmpegNet\FFmpegNetAux\FFmpegNetAux.csproj", "{CCA44A28-3DC1-40D3-9B83-0096A5C93228}"
EndProject
Project("{FAE04EC0-301F-11D3-BF4B-00C04F79EFBC}") = "CommonCtrls", "FFmpegNetApps\CommonCtrls\CommonCtrls.csproj", "{46F49186-14E6-46F1-B4EA-68934E7F48DA}"
EndProject
Project("{2150E333-8FDC-42A3-9474-1A3956D46DE8}") = "FFmpegNetApps", "FFmpegNetApps", "{B37A3302-EAA8-4460-8B41-718BF23ECCF9}"
EndProject
Project("{8BC9CEB8-8B4A-11D0-8D11-00A0C91BC942}") = "FFmpegListLib", "FFmpegCpp\FFmpegListLib\FFmpegListLib.vcxproj", "{9065017A-E363-4842-981A-DB45A010EB7A}"
	ProjectSection(ProjectDependencies) = postProject
		{60797A41-CFB9-495F-AC0D-4A7B3AB75B5D} = {60797A41-CFB9-495F-AC0D-4A7B3AB75B5D}
		{BC95DDE2-3446-4325-B036-B52CE7638D84} = {BC95DDE2-3446-4325-B036-B52CE7638D84}
	EndProjectSection
EndProject
Project("{8BC9CEB8-8B4A-11D0-8D11-00A0C91BC942}") = "FFmpegCoreLib", "FFmpegCpp\FFmpegCoreLib\FFmpegCoreLib.vcxproj", "{60797A41-CFB9-495F-AC0D-4A7B3AB75B5D}"
	ProjectSection(ProjectDependencies) = postProject
		{BC95DDE2-3446-4325-B036-B52CE7638D84} = {BC95DDE2-3446-4325-B036-B52CE7638D84}
	EndProjectSection
EndProject
Project("{8BC9CEB8-8B4A-11D0-8D11-00A0C91BC942}") = "CommonToolLib", "FFmpegCpp\CommonToolLib\CommonToolLib.vcxproj", "{BC95DDE2-3446-4325-B036-B52CE7638D84}"
EndProject
Global
	GlobalSection(SolutionConfigurationPlatforms) = preSolution
		Debug|x64 = Debug|x64
		Debug|x86 = Debug|x86
		Release|x64 = Release|x64
		Release|x86 = Release|x86
	EndGlobalSection
	GlobalSection(ProjectConfigurationPlatforms) = postSolution
		{DF9EDDCF-19E1-4575-B67B-6E6C61EBBB54}.Debug|x64.ActiveCfg = Debug|x64
		{DF9EDDCF-19E1-4575-B67B-6E6C61EBBB54}.Debug|x64.Build.0 = Debug|x64
		{DF9EDDCF-19E1-4575-B67B-6E6C61EBBB54}.Debug|x86.ActiveCfg = Debug|x64
		{DF9EDDCF-19E1-4575-B67B-6E6C61EBBB54}.Debug|x86.Build.0 = Debug|x64
		{DF9EDDCF-19E1-4575-B67B-6E6C61EBBB54}.Release|x64.ActiveCfg = Release|x64
		{DF9EDDCF-19E1-4575-B67B-6E6C61EBBB54}.Release|x64.Build.0 = Release|x64
		{DF9EDDCF-19E1-4575-B67B-6E6C61EBBB54}.Release|x86.ActiveCfg = Release|x64
		{DF9EDDCF-19E1-4575-B67B-6E6C61EBBB54}.Release|x86.Build.0 = Release|x64
		{6DE6A69D-D61B-4CED-8DEF-6E6B0389B179}.Debug|x64.ActiveCfg = Debug|x64
		{6DE6A69D-D61B-4CED-8DEF-6E6B0389B179}.Debug|x64.Build.0 = Debug|x64
		{6DE6A69D-D61B-4CED-8DEF-6E6B0389B179}.Debug|x86.ActiveCfg = Debug|x64
		{6DE6A69D-D61B-4CED-8DEF-6E6B0389B179}.Debug|x86.Build.0 = Debug|x64
		{6DE6A69D-D61B-4CED-8DEF-6E6B0389B179}.Release|x64.ActiveCfg = Release|x64
		{6DE6A69D-D61B-4CED-8DEF-6E6B0389B179}.Release|x64.Build.0 = Release|x64
		{6DE6A69D-D61B-4CED-8DEF-6E6B0389B179}.Release|x86.ActiveCfg = Release|x64
		{6DE6A69D-D61B-4CED-8DEF-6E6B0389B179}.Release|x86.Build.0 = Release|x64
		{FCFC0B9E-24A1-4397-A029-3F61310644F0}.Debug|x64.ActiveCfg = Debug|x64
		{FCFC0B9E-24A1-4397-A029-3F61310644F0}.Debug|x64.Build.0 = Debug|x64
		{FCFC0B9E-24A1-4397-A029-3F61310644F0}.Debug|x86.ActiveCfg = Debug|x64
		{FCFC0B9E-24A1-4397-A029-3F61310644F0}.Debug|x86.Build.0 = Debug|x64
		{FCFC0B9E-24A1-4397-A029-3F61310644F0}.Release|x64.ActiveCfg = Release|x64
		{FCFC0B9E-24A1-4397-A029-3F61310644F0}.Release|x64.Build.0 = Release|x64
		{FCFC0B9E-24A1-4397-A029-3F61310644F0}.Release|x86.ActiveCfg = Release|x64
		{FCFC0B9E-24A1-4397-A029-3F61310644F0}.Release|x86.Build.0 = Release|x64
		{741C08B6-E658-4A53-917D-C7934A1DBFDC}.Debug|x64.ActiveCfg = Debug|x64
		{741C08B6-E658-4A53-917D-C7934A1DBFDC}.Debug|x64.Build.0 = Debug|x64
		{741C08B6-E658-4A53-917D-C7934A1DBFDC}.Debug|x86.ActiveCfg = Debug|x64
		{741C08B6-E658-4A53-917D-C7934A1DBFDC}.Debug|x86.Build.0 = Debug|x64
		{741C08B6-E658-4A53-917D-C7934A1DBFDC}.Release|x64.ActiveCfg = Release|x64
		{741C08B6-E658-4A53-917D-C7934A1DBFDC}.Release|x64.Build.0 = Release|x64
		{741C08B6-E658-4A53-917D-C7934A1DBFDC}.Release|x86.ActiveCfg = Release|x64
		{741C08B6-E658-4A53-917D-C7934A1DBFDC}.Release|x86.Build.0 = Release|x64
		{3D910174-A8E9-45B2-B623-5B037D073EBD}.Debug|x64.ActiveCfg = Debug|x64
		{3D910174-A8E9-45B2-B623-5B037D073EBD}.Debug|x64.Build.0 = Debug|x64
		{3D910174-A8E9-45B2-B623-5B037D073EBD}.Debug|x86.ActiveCfg = Debug|x64
		{3D910174-A8E9-45B2-B623-5B037D073EBD}.Debug|x86.Build.0 = Debug|x64
		{3D910174-A8E9-45B2-B623-5B037D073EBD}.Release|x64.ActiveCfg = Release|x64
		{3D910174-A8E9-45B2-B623-5B037D073EBD}.Release|x64.Build.0 = Release|x64
		{3D910174-A8E9-45B2-B623-5B037D073EBD}.Release|x86.ActiveCfg = Release|x64
		{3D910174-A8E9-45B2-B623-5B037D073EBD}.Release|x86.Build.0 = Release|x64
		{BD8772FE-B769-4B08-86EC-8EE22A6C81D0}.Debug|x64.ActiveCfg = Debug|x64
		{BD8772FE-B769-4B08-86EC-8EE22A6C81D0}.Debug|x64.Build.0 = Debug|x64
		{BD8772FE-B769-4B08-86EC-8EE22A6C81D0}.Debug|x86.ActiveCfg = Debug|x64
		{BD8772FE-B769-4B08-86EC-8EE22A6C81D0}.Debug|x86.Build.0 = Debug|x64
		{BD8772FE-B769-4B08-86EC-8EE22A6C81D0}.Release|x64.ActiveCfg = Release|x64
		{BD8772FE-B769-4B08-86EC-8EE22A6C81D0}.Release|x64.Build.0 = Release|x64
		{BD8772FE-B769-4B08-86EC-8EE22A6C81D0}.Release|x86.ActiveCfg = Release|x64
		{BD8772FE-B769-4B08-86EC-8EE22A6C81D0}.Release|x86.Build.0 = Release|x64
		{3041D161-96D7-4C10-B567-99A30DADC635}.Debug|x64.ActiveCfg = Debug|x64
		{3041D161-96D7-4C10-B567-99A30DADC635}.Debug|x64.Build.0 = Debug|x64
		{3041D161-96D7-4C10-B567-99A30DADC635}.Debug|x86.ActiveCfg = Debug|x64
		{3041D161-96D7-4C10-B567-99A30DADC635}.Debug|x86.Build.0 = Debug|x64
		{3041D161-96D7-4C10-B567-99A30DADC635}.Release|x64.ActiveCfg = Release|x64
		{3041D161-96D7-4C10-B567-99A30DADC635}.Release|x64.Build.0 = Release|x64
		{3041D161-96D7-4C10-B567-99A30DADC635}.Release|x86.ActiveCfg = Release|x64
		{3041D161-96D7-4C10-B567-99A30DADC635}.Release|x86.Build.0 = Release|x64
		{52A0D4D2-BC14-4725-B05A-43FD3EB89FC8}.Debug|x64.ActiveCfg = Debug|x64
		{52A0D4D2-BC14-4725-B05A-43FD3EB89FC8}.Debug|x64.Build.0 = Debug|x64
		{52A0D4D2-BC14-4725-B05A-43FD3EB89FC8}.Debug|x86.ActiveCfg = Debug|x64
		{52A0D4D2-BC14-4725-B05A-43FD3EB89FC8}.Debug|x86.Build.0 = Debug|x64
		{52A0D4D2-BC14-4725-B05A-43FD3EB89FC8}.Release|x64.ActiveCfg = Release|x64
		{52A0D4D2-BC14-4725-B05A-43FD3EB89FC8}.Release|x64.Build.0 = Release|x64
		{52A0D4D2-BC14-4725-B05A-43FD3EB89FC8}.Release|x86.ActiveCfg = Release|x64
		{52A0D4D2-BC14-4725-B05A-43FD3EB89FC8}.Release|x86.Build.0 = Release|x64
		{DF2E2CF5-B515-444F-9A8F-468467052108}.Debug|x64.ActiveCfg = Debug|x64
		{DF2E2CF5-B515-444F-9A8F-468467052108}.Debug|x64.Build.0 = Debug|x64
		{DF2E2CF5-B515-444F-9A8F-468467052108}.Debug|x86.ActiveCfg = Debug|x64
		{DF2E2CF5-B515-444F-9A8F-468467052108}.Debug|x86.Build.0 = Debug|x64
		{DF2E2CF5-B515-444F-9A8F-468467052108}.Release|x64.ActiveCfg = Release|x64
		{DF2E2CF5-B515-444F-9A8F-468467052108}.Release|x64.Build.0 = Release|x64
		{DF2E2CF5-B515-444F-9A8F-468467052108}.Release|x86.ActiveCfg = Release|x64
		{DF2E2CF5-B515-444F-9A8F-468467052108}.Release|x86.Build.0 = Release|x64
		{D2296C3B-C043-4EBE-AECE-263DCC12B2CA}.Debug|x64.ActiveCfg = Debug|x64
		{D2296C3B-C043-4EBE-AECE-263DCC12B2CA}.Debug|x64.Build.0 = Debug|x64
		{D2296C3B-C043-4EBE-AECE-263DCC12B2CA}.Debug|x86.ActiveCfg = Debug|x64
		{D2296C3B-C043-4EBE-AECE-263DCC12B2CA}.Debug|x86.Build.0 = Debug|x64
		{D2296C3B-C043-4EBE-AECE-263DCC12B2CA}.Release|x64.ActiveCfg = Release|x64
		{D2296C3B-C043-4EBE-AECE-263DCC12B2CA}.Release|x64.Build.0 = Release|x64
		{D2296C3B-C043-4EBE-AECE-263DCC12B2CA}.Release|x86.ActiveCfg = Release|x64
		{D2296C3B-C043-4EBE-AECE-263DCC12B2CA}.Release|x86.Build.0 = Release|x64
		{F6162E4A-A368-4A23-85A0-3CA1E24FF32D}.Debug|x64.ActiveCfg = Debug|x64
		{F6162E4A-A368-4A23-85A0-3CA1E24FF32D}.Debug|x64.Build.0 = Debug|x64
		{F6162E4A-A368-4A23-85A0-3CA1E24FF32D}.Debug|x86.ActiveCfg = Debug|x64
		{F6162E4A-A368-4A23-85A0-3CA1E24FF32D}.Debug|x86.Build.0 = Debug|x64
		{F6162E4A-A368-4A23-85A0-3CA1E24FF32D}.Release|x64.ActiveCfg = Release|x64
		{F6162E4A-A368-4A23-85A0-3CA1E24FF32D}.Release|x64.Build.0 = Release|x64
		{F6162E4A-A368-4A23-85A0-3CA1E24FF32D}.Release|x86.ActiveCfg = Release|x64
		{F6162E4A-A368-4A23-85A0-3CA1E24FF32D}.Release|x86.Build.0 = Release|x64
		{9F43B5FE-2868-4CCD-817F-B4B89A92A636}.Debug|x64.ActiveCfg = Debug|x64
		{9F43B5FE-2868-4CCD-817F-B4B89A92A636}.Debug|x64.Build.0 = Debug|x64
		{9F43B5FE-2868-4CCD-817F-B4B89A92A636}.Debug|x86.ActiveCfg = Debug|x64
		{9F43B5FE-2868-4CCD-817F-B4B89A92A636}.Debug|x86.Build.0 = Debug|x64
		{9F43B5FE-2868-4CCD-817F-B4B89A92A636}.Release|x64.ActiveCfg = Release|x64
		{9F43B5FE-2868-4CCD-817F-B4B89A92A636}.Release|x64.Build.0 = Release|x64
		{9F43B5FE-2868-4CCD-817F-B4B89A92A636}.Release|x86.ActiveCfg = Release|x64
		{9F43B5FE-2868-4CCD-817F-B4B89A92A636}.Release|x86.Build.0 = Release|x64
		{C43B02D0-DDED-4F5F-8D8F-BEA8D817161A}.Debug|x64.ActiveCfg = Debug|x64
		{C43B02D0-DDED-4F5F-8D8F-BEA8D817161A}.Debug|x64.Build.0 = Debug|x64
		{C43B02D0-DDED-4F5F-8D8F-BEA8D817161A}.Debug|x86.ActiveCfg = Debug|x64
		{C43B02D0-DDED-4F5F-8D8F-BEA8D817161A}.Debug|x86.Build.0 = Debug|x64
		{C43B02D0-DDED-4F5F-8D8F-BEA8D817161A}.Release|x64.ActiveCfg = Release|x64
		{C43B02D0-DDED-4F5F-8D8F-BEA8D817161A}.Release|x64.Build.0 = Release|x64
		{C43B02D0-DDED-4F5F-8D8F-BEA8D817161A}.Release|x86.ActiveCfg = Release|x64
		{C43B02D0-DDED-4F5F-8D8F-BEA8D817161A}.Release|x86.Build.0 = Release|x64
		{FA2DADB9-00AA-4CF1-8DB7-70D01EED20BF}.Debug|x64.ActiveCfg = Debug|x64
		{FA2DADB9-00AA-4CF1-8DB7-70D01EED20BF}.Debug|x64.Build.0 = Debug|x64
		{FA2DADB9-00AA-4CF1-8DB7-70D01EED20BF}.Debug|x86.ActiveCfg = Debug|x64
		{FA2DADB9-00AA-4CF1-8DB7-70D01EED20BF}.Debug|x86.Build.0 = Debug|x64
		{FA2DADB9-00AA-4CF1-8DB7-70D01EED20BF}.Release|x64.ActiveCfg = Release|x64
		{FA2DADB9-00AA-4CF1-8DB7-70D01EED20BF}.Release|x64.Build.0 = Release|x64
		{FA2DADB9-00AA-4CF1-8DB7-70D01EED20BF}.Release|x86.ActiveCfg = Release|x64
		{FA2DADB9-00AA-4CF1-8DB7-70D01EED20BF}.Release|x86.Build.0 = Release|x64
		{E0E18549-B83F-4BF8-B46F-6C43DF817721}.Debug|x64.ActiveCfg = Debug|x64
		{E0E18549-B83F-4BF8-B46F-6C43DF817721}.Debug|x64.Build.0 = Debug|x64
		{E0E18549-B83F-4BF8-B46F-6C43DF817721}.Debug|x86.ActiveCfg = Debug|x64
		{E0E18549-B83F-4BF8-B46F-6C43DF817721}.Debug|x86.Build.0 = Debug|x64
		{E0E18549-B83F-4BF8-B46F-6C43DF817721}.Release|x64.ActiveCfg = Release|x64
		{E0E18549-B83F-4BF8-B46F-6C43DF817721}.Release|x64.Build.0 = Release|x64
		{E0E18549-B83F-4BF8-B46F-6C43DF817721}.Release|x86.ActiveCfg = Release|x64
		{E0E18549-B83F-4BF8-B46F-6C43DF817721}.Release|x86.Build.0 = Release|x64
		{E3C5D445-D6AF-4E4A-AF9E-E14C819B83A5}.Debug|x64.ActiveCfg = Debug|x64
		{E3C5D445-D6AF-4E4A-AF9E-E14C819B83A5}.Debug|x64.Build.0 = Debug|x64
		{E3C5D445-D6AF-4E4A-AF9E-E14C819B83A5}.Debug|x86.ActiveCfg = Debug|x64
		{E3C5D445-D6AF-4E4A-AF9E-E14C819B83A5}.Debug|x86.Build.0 = Debug|x64
		{E3C5D445-D6AF-4E4A-AF9E-E14C819B83A5}.Release|x64.ActiveCfg = Release|x64
		{E3C5D445-D6AF-4E4A-AF9E-E14C819B83A5}.Release|x64.Build.0 = Release|x64
		{E3C5D445-D6AF-4E4A-AF9E-E14C819B83A5}.Release|x86.ActiveCfg = Release|x64
		{E3C5D445-D6AF-4E4A-AF9E-E14C819B83A5}.Release|x86.Build.0 = Release|x64
		{CCA44A28-3DC1-40D3-9B83-0096A5C93228}.Debug|x64.ActiveCfg = Debug|x64
		{CCA44A28-3DC1-40D3-9B83-0096A5C93228}.Debug|x64.Build.0 = Debug|x64
		{CCA44A28-3DC1-40D3-9B83-0096A5C93228}.Debug|x86.ActiveCfg = Debug|x64
		{CCA44A28-3DC1-40D3-9B83-0096A5C93228}.Debug|x86.Build.0 = Debug|x64
		{CCA44A28-3DC1-40D3-9B83-0096A5C93228}.Release|x64.ActiveCfg = Release|x64
		{CCA44A28-3DC1-40D3-9B83-0096A5C93228}.Release|x64.Build.0 = Release|x64
		{CCA44A28-3DC1-40D3-9B83-0096A5C93228}.Release|x86.ActiveCfg = Release|x64
		{CCA44A28-3DC1-40D3-9B83-0096A5C93228}.Release|x86.Build.0 = Release|x64
		{46F49186-14E6-46F1-B4EA-68934E7F48DA}.Debug|x64.ActiveCfg = Debug|x64
		{46F49186-14E6-46F1-B4EA-68934E7F48DA}.Debug|x64.Build.0 = Debug|x64
		{46F49186-14E6-46F1-B4EA-68934E7F48DA}.Debug|x86.ActiveCfg = Debug|x64
		{46F49186-14E6-46F1-B4EA-68934E7F48DA}.Debug|x86.Build.0 = Debug|x64
		{46F49186-14E6-46F1-B4EA-68934E7F48DA}.Release|x64.ActiveCfg = Release|x64
		{46F49186-14E6-46F1-B4EA-68934E7F48DA}.Release|x64.Build.0 = Release|x64
		{46F49186-14E6-46F1-B4EA-68934E7F48DA}.Release|x86.ActiveCfg = Release|x64
		{46F49186-14E6-46F1-B4EA-68934E7F48DA}.Release|x86.Build.0 = Release|x64
		{9065017A-E363-4842-981A-DB45A010EB7A}.Debug|x64.ActiveCfg = Debug|x64
		{9065017A-E363-4842-981A-DB45A010EB7A}.Debug|x64.Build.0 = Debug|x64
		{9065017A-E363-4842-981A-DB45A010EB7A}.Debug|x86.ActiveCfg = Debug|Win32
		{9065017A-E363-4842-981A-DB45A010EB7A}.Debug|x86.Build.0 = Debug|Win32
		{9065017A-E363-4842-981A-DB45A010EB7A}.Release|x64.ActiveCfg = Release|x64
		{9065017A-E363-4842-981A-DB45A010EB7A}.Release|x64.Build.0 = Release|x64
		{9065017A-E363-4842-981A-DB45A010EB7A}.Release|x86.ActiveCfg = Release|Win32
		{9065017A-E363-4842-981A-DB45A010EB7A}.Release|x86.Build.0 = Release|Win32
		{60797A41-CFB9-495F-AC0D-4A7B3AB75B5D}.Debug|x64.ActiveCfg = Debug|x64
		{60797A41-CFB9-495F-AC0D-4A7B3AB75B5D}.Debug|x64.Build.0 = Debug|x64
		{60797A41-CFB9-495F-AC0D-4A7B3AB75B5D}.Debug|x86.ActiveCfg = Debug|x64
		{60797A41-CFB9-495F-AC0D-4A7B3AB75B5D}.Debug|x86.Build.0 = Debug|x64
		{60797A41-CFB9-495F-AC0D-4A7B3AB75B5D}.Release|x64.ActiveCfg = Release|x64
		{60797A41-CFB9-495F-AC0D-4A7B3AB75B5D}.Release|x64.Build.0 = Release|x64
		{60797A41-CFB9-495F-AC0D-4A7B3AB75B5D}.Release|x86.ActiveCfg = Release|x64
		{60797A41-CFB9-495F-AC0D-4A7B3AB75B5D}.Release|x86.Build.0 = Release|x64
		{BC95DDE2-3446-4325-B036-B52CE7638D84}.Debug|x64.ActiveCfg = Debug|x64
		{BC95DDE2-3446-4325-B036-B52CE7638D84}.Debug|x64.Build.0 = Debug|x64
		{BC95DDE2-3446-4325-B036-B52CE7638D84}.Debug|x86.ActiveCfg = Debug|Win32
		{BC95DDE2-3446-4325-B036-B52CE7638D84}.Debug|x86.Build.0 = Debug|Win32
		{BC95DDE2-3446-4325-B036-B52CE7638D84}.Release|x64.ActiveCfg = Release|x64
		{BC95DDE2-3446-4325-B036-B52CE7638D84}.Release|x64.Build.0 = Release|x64
		{BC95DDE2-3446-4325-B036-B52CE7638D84}.Release|x86.ActiveCfg = Release|Win32
		{BC95DDE2-3446-4325-B036-B52CE7638D84}.Release|x86.Build.0 = Release|Win32
	EndGlobalSection
	GlobalSection(SolutionProperties) = preSolution
		HideSolutionNode = FALSE
	EndGlobalSection
	GlobalSection(NestedProjects) = preSolution
		{DF9EDDCF-19E1-4575-B67B-6E6C61EBBB54} = {19CD7B2C-6A3B-43EC-ABE2-7E25DF9981CC}
		{6DE6A69D-D61B-4CED-8DEF-6E6B0389B179} = {19CD7B2C-6A3B-43EC-ABE2-7E25DF9981CC}
		{FCFC0B9E-24A1-4397-A029-3F61310644F0} = {3C135957-C818-4509-9715-72B7C53FF125}
		{741C08B6-E658-4A53-917D-C7934A1DBFDC} = {3C135957-C818-4509-9715-72B7C53FF125}
		{3D910174-A8E9-45B2-B623-5B037D073EBD} = {3C135957-C818-4509-9715-72B7C53FF125}
		{BD8772FE-B769-4B08-86EC-8EE22A6C81D0} = {FA46FC8C-5B10-4798-9FCA-2910AF1994EE}
		{3041D161-96D7-4C10-B567-99A30DADC635} = {3C135957-C818-4509-9715-72B7C53FF125}
		{52A0D4D2-BC14-4725-B05A-43FD3EB89FC8} = {FA46FC8C-5B10-4798-9FCA-2910AF1994EE}
		{DF2E2CF5-B515-444F-9A8F-468467052108} = {FA46FC8C-5B10-4798-9FCA-2910AF1994EE}
		{D2296C3B-C043-4EBE-AECE-263DCC12B2CA} = {3C135957-C818-4509-9715-72B7C53FF125}
		{F6162E4A-A368-4A23-85A0-3CA1E24FF32D} = {B37A3302-EAA8-4460-8B41-718BF23ECCF9}
		{9F43B5FE-2868-4CCD-817F-B4B89A92A636} = {B37A3302-EAA8-4460-8B41-718BF23ECCF9}
		{C43B02D0-DDED-4F5F-8D8F-BEA8D817161A} = {B37A3302-EAA8-4460-8B41-718BF23ECCF9}
		{FA2DADB9-00AA-4CF1-8DB7-70D01EED20BF} = {B37A3302-EAA8-4460-8B41-718BF23ECCF9}
		{E0E18549-B83F-4BF8-B46F-6C43DF817721} = {B37A3302-EAA8-4460-8B41-718BF23ECCF9}
		{E3C5D445-D6AF-4E4A-AF9E-E14C819B83A5} = {3C135957-C818-4509-9715-72B7C53FF125}
		{CCA44A28-3DC1-40D3-9B83-0096A5C93228} = {3C135957-C818-4509-9715-72B7C53FF125}
		{46F49186-14E6-46F1-B4EA-68934E7F48DA} = {B37A3302-EAA8-4460-8B41-718BF23ECCF9}
		{9065017A-E363-4842-981A-DB45A010EB7A} = {19CD7B2C-6A3B-43EC-ABE2-7E25DF9981CC}
		{60797A41-CFB9-495F-AC0D-4A7B3AB75B5D} = {19CD7B2C-6A3B-43EC-ABE2-7E25DF9981CC}
		{BC95DDE2-3446-4325-B036-B52CE7638D84} = {19CD7B2C-6A3B-43EC-ABE2-7E25DF9981CC}
	EndGlobalSection
	GlobalSection(ExtensibilityGlobals) = postSolution
		SolutionGuid = {925F0B0F-6348-476D-AE26-945B9B7EA111}
	EndGlobalSection
EndGlobal
