<?xml version="1.0" encoding="utf-8"?>
<Project ToolsVersion="4.0" xmlns="http://schemas.microsoft.com/developer/msbuild/2003">
  <ItemGroup>
    <Filter Include="Source Files">
      <UniqueIdentifier>{4FC737F1-C7A5-4376-A066-2A32D752A2FF}</UniqueIdentifier>
      <Extensions>cpp;c;cc;cxx;c++;def;odl;idl;hpj;bat;asm;asmx</Extensions>
    </Filter>
    <Filter Include="Header Files">
      <UniqueIdentifier>{93995380-89BD-4b04-88EB-625FBE52EBFB}</UniqueIdentifier>
      <Extensions>h;hh;hpp;hxx;h++;hm;inl;inc;ipp;xsd</Extensions>
    </Filter>
  </ItemGroup>
  <ItemGroup>
    <ClInclude Include="pch.h">
      <Filter>Header Files</Filter>
    </ClInclude>
    <ClInclude Include="AudioWatch.h">
      <Filter>Header Files</Filter>
    </ClInclude>
    <ClInclude Include="FrameSinkAudioImpl.h">
      <Filter>Header Files</Filter>
    </ClInclude>
    <ClInclude Include="HWrap.h">
      <Filter>Header Files</Filter>
    </ClInclude>
    <ClInclude Include="WaveBuffer.h">
      <Filter>Header Files</Filter>
    </ClInclude>
    <ClInclude Include="WaveCore.h">
      <Filter>Header Files</Filter>
    </ClInclude>
    <ClInclude Include="SBuffer.h">
      <Filter>Header Files</Filter>
    </ClInclude>
    <ClInclude Include="FrameTailBuff.h">
      <Filter>Header Files</Filter>
    </ClInclude>
  </ItemGroup>
  <ItemGroup>
    <ClCompile Include="pch.cpp">
      <Filter>Source Files</Filter>
    </ClCompile>
    <ClCompile Include="AudioWatch.cpp">
      <Filter>Source Files</Filter>
    </ClCompile>
    <ClCompile Include="FrameSinkAudioImpl.cpp">
      <Filter>Source Files</Filter>
    </ClCompile>
    <ClCompile Include="WaveAux.cpp">
      <Filter>Source Files</Filter>
    </ClCompile>
    <ClCompile Include="WaveBuffer.cpp">
      <Filter>Source Files</Filter>
    </ClCompile>
    <ClCompile Include="WaveCore.cpp">
      <Filter>Source Files</Filter>
    </ClCompile>
    <ClCompile Include="WaveDevs.cpp">
      <Filter>Source Files</Filter>
    </ClCompile>
    <ClCompile Include="FrameTailBuff.cpp">
      <Filter>Source Files</Filter>
    </ClCompile>
  </ItemGroup>
</Project>