<?xml version="1.0" encoding="utf-8"?>
<Project ToolsVersion="4.0" xmlns="http://schemas.microsoft.com/developer/msbuild/2003">
  <ItemGroup>
    <Filter Include="Source Files">
      <UniqueIdentifier>{4FC737F1-C7A5-4376-A066-2A32D752A2FF}</UniqueIdentifier>
      <Extensions>cpp;c;cc;cxx;c++;cppm;ixx;def;odl;idl;hpj;bat;asm;asmx</Extensions>
    </Filter>
    <Filter Include="Header Files">
      <UniqueIdentifier>{93995380-89BD-4b04-88EB-625FBE52EBFB}</UniqueIdentifier>
      <Extensions>h;hh;hpp;hxx;h++;hm;inl;inc;ipp;xsd</Extensions>
    </Filter>
  </ItemGroup>
  <ItemGroup>
    <ClInclude Include="pch.h">
      <Filter>Header Files</Filter>
    </ClInclude>
    <ClInclude Include="ArrSize.h">
      <Filter>Header Files</Filter>
    </ClInclude>
    <ClInclude Include="CircularArray.h">
      <Filter>Header Files</Filter>
    </ClInclude>
    <ClInclude Include="DShowDevList.h">
      <Filter>Header Files</Filter>
    </ClInclude>
    <ClInclude Include="pchar.h">
      <Filter>Header Files</Filter>
    </ClInclude>
    <ClInclude Include="ProceedIface.h">
      <Filter>Header Files</Filter>
    </ClInclude>
    <ClInclude Include="ProceedPump.h">
      <Filter>Header Files</Filter>
    </ClInclude>
    <ClInclude Include="PumpCtrl.h">
      <Filter>Header Files</Filter>
    </ClInclude>
    <ClInclude Include="PumpSwitchIface.h">
      <Filter>Header Files</Filter>
    </ClInclude>
    <ClInclude Include="Queue.h">
      <Filter>Header Files</Filter>
    </ClInclude>
    <ClInclude Include="QueueBase.h">
      <Filter>Header Files</Filter>
    </ClInclude>
    <ClInclude Include="SLogger.h">
      <Filter>Header Files</Filter>
    </ClInclude>
    <ClInclude Include="SysDevColl.h">
      <Filter>Header Files</Filter>
    </ClInclude>
    <ClInclude Include="ThreadTools.h">
      <Filter>Header Files</Filter>
    </ClInclude>
    <ClInclude Include="windefs.h">
      <Filter>Header Files</Filter>
    </ClInclude>
    <ClInclude Include="windows_std.h">
      <Filter>Header Files</Filter>
    </ClInclude>
    <ClInclude Include="BaseIface0.h">
      <Filter>Header Files</Filter>
    </ClInclude>
  </ItemGroup>
  <ItemGroup>
    <ClCompile Include="pch.cpp">
      <Filter>Source Files</Filter>
    </ClCompile>
    <ClCompile Include="DShowDevList.cpp">
      <Filter>Source Files</Filter>
    </ClCompile>
    <ClCompile Include="ProceedPump.cpp">
      <Filter>Source Files</Filter>
    </ClCompile>
    <ClCompile Include="PumpCtrl.cpp">
      <Filter>Source Files</Filter>
    </ClCompile>
    <ClCompile Include="QueueBase.cpp">
      <Filter>Source Files</Filter>
    </ClCompile>
    <ClCompile Include="SLogger.cpp">
      <Filter>Source Files</Filter>
    </ClCompile>
    <ClCompile Include="SLogOsInfo.cpp">
      <Filter>Source Files</Filter>
    </ClCompile>
    <ClCompile Include="SLogTools.cpp">
      <Filter>Source Files</Filter>
    </ClCompile>
    <ClCompile Include="SysDevColl.cpp">
      <Filter>Source Files</Filter>
    </ClCompile>
    <ClCompile Include="ThreadTools.cpp">
      <Filter>Source Files</Filter>
    </ClCompile>
  </ItemGroup>
</Project>